
Microsoft Visual Studio Solution File, Format Version 12.00
# Visual Studio Version 17
VisualStudioVersion = 17.12.35707.178 d17.12
MinimumVisualStudioVersion = 10.0.40219.1
Project("{FAE04EC0-301F-11D3-BF4B-00C04F79EFBC}") = "ITLA-TV", "ITLA-TV\ITLA-TV.csproj", "{1192BDF0-2FF0-4C9E-B450-A87B5D99B896}"
EndProject
Project("{2150E333-8FDC-42A3-9474-1A3956D46DE8}") = "Source", "Source", "{AE81F025-5534-4ED9-AF1E-DBF8C041CB37}"
EndProject
Project("{2150E333-8FDC-42A3-9474-1A3956D46DE8}") = "Core", "Core", "{CC3105C9-16C5-4B56-9E25-0F7105888E18}"
EndProject
Project("{2150E333-8FDC-42A3-9474-1A3956D46DE8}") = "Infraestructure", "Infraestructure", "{F6C3C1F4-1C49-4C9E-BB0A-44D5A0FD7960}"
EndProject
Project("{2150E333-8FDC-42A3-9474-1A3956D46DE8}") = "Presentation", "Presentation", "{E6DC2C66-8E73-419F-9FF3-05F55645713B}"
EndProject
Project("{2150E333-8FDC-42A3-9474-1A3956D46DE8}") = "WebApp", "WebApp", "{105C747D-8C1C-4C40-BA90-3CA930A3D20A}"
EndProject
Project("{FAE04EC0-301F-11D3-BF4B-00C04F79EFBC}") = "ITLA-TV.Core.Domain", "ITLA-TV.Core.Domain\ITLA-TV.Core.Domain.csproj", "{71AFBBFB-40D0-4C2A-BB24-4CCBCFAEE371}"
EndProject
Project("{FAE04EC0-301F-11D3-BF4B-00C04F79EFBC}") = "ITLA-TV.Core.Application", "ITLA-TV.Core.Application\ITLA-TV.Core.Application.csproj", "{9A5589A2-D44E-4C33-A3F4-09DDFBC7C1BE}"
EndProject
Project("{FAE04EC0-301F-11D3-BF4B-00C04F79EFBC}") = "ITLA-TV.Infraestructure.Persistence", "ITLA-TV.Infraestructure.Persistence\ITLA-TV.Infraestructure.Persistence.csproj", "{CE27A605-6F25-4A89-AFCE-E1CB9F306F19}"
EndProject
Global
	GlobalSection(SolutionConfigurationPlatforms) = preSolution
		Debug|Any CPU = Debug|Any CPU
		Release|Any CPU = Release|Any CPU
	EndGlobalSection
	GlobalSection(ProjectConfigurationPlatforms) = postSolution
		{1192BDF0-2FF0-4C9E-B450-A87B5D99B896}.Debug|Any CPU.ActiveCfg = Debug|Any CPU
		{1192BDF0-2FF0-4C9E-B450-A87B5D99B896}.Debug|Any CPU.Build.0 = Debug|Any CPU
		{1192BDF0-2FF0-4C9E-B450-A87B5D99B896}.Release|Any CPU.ActiveCfg = Release|Any CPU
		{1192BDF0-2FF0-4C9E-B450-A87B5D99B896}.Release|Any CPU.Build.0 = Release|Any CPU
		{71AFBBFB-40D0-4C2A-BB24-4CCBCFAEE371}.Debug|Any CPU.ActiveCfg = Debug|Any CPU
		{71AFBBFB-40D0-4C2A-BB24-4CCBCFAEE371}.Debug|Any CPU.Build.0 = Debug|Any CPU
		{71AFBBFB-40D0-4C2A-BB24-4CCBCFAEE371}.Release|Any CPU.ActiveCfg = Release|Any CPU
		{71AFBBFB-40D0-4C2A-BB24-4CCBCFAEE371}.Release|Any CPU.Build.0 = Release|Any CPU
		{9A5589A2-D44E-4C33-A3F4-09DDFBC7C1BE}.Debug|Any CPU.ActiveCfg = Debug|Any CPU
		{9A5589A2-D44E-4C33-A3F4-09DDFBC7C1BE}.Debug|Any CPU.Build.0 = Debug|Any CPU
		{9A5589A2-D44E-4C33-A3F4-09DDFBC7C1BE}.Release|Any CPU.ActiveCfg = Release|Any CPU
		{9A5589A2-D44E-4C33-A3F4-09DDFBC7C1BE}.Release|Any CPU.Build.0 = Release|Any CPU
		{CE27A605-6F25-4A89-AFCE-E1CB9F306F19}.Debug|Any CPU.ActiveCfg = Debug|Any CPU
		{CE27A605-6F25-4A89-AFCE-E1CB9F306F19}.Debug|Any CPU.Build.0 = Debug|Any CPU
		{CE27A605-6F25-4A89-AFCE-E1CB9F306F19}.Release|Any CPU.ActiveCfg = Release|Any CPU
		{CE27A605-6F25-4A89-AFCE-E1CB9F306F19}.Release|Any CPU.Build.0 = Release|Any CPU
	EndGlobalSection
	GlobalSection(SolutionProperties) = preSolution
		HideSolutionNode = FALSE
	EndGlobalSection
	GlobalSection(NestedProjects) = preSolution
		{1192BDF0-2FF0-4C9E-B450-A87B5D99B896} = {105C747D-8C1C-4C40-BA90-3CA930A3D20A}
		{CC3105C9-16C5-4B56-9E25-0F7105888E18} = {AE81F025-5534-4ED9-AF1E-DBF8C041CB37}
		{F6C3C1F4-1C49-4C9E-BB0A-44D5A0FD7960} = {AE81F025-5534-4ED9-AF1E-DBF8C041CB37}
		{E6DC2C66-8E73-419F-9FF3-05F55645713B} = {AE81F025-5534-4ED9-AF1E-DBF8C041CB37}
		{105C747D-8C1C-4C40-BA90-3CA930A3D20A} = {E6DC2C66-8E73-419F-9FF3-05F55645713B}
		{71AFBBFB-40D0-4C2A-BB24-4CCBCFAEE371} = {CC3105C9-16C5-4B56-9E25-0F7105888E18}
		{9A5589A2-D44E-4C33-A3F4-09DDFBC7C1BE} = {CC3105C9-16C5-4B56-9E25-0F7105888E18}
		{CE27A605-6F25-4A89-AFCE-E1CB9F306F19} = {F6C3C1F4-1C49-4C9E-BB0A-44D5A0FD7960}
	EndGlobalSection
EndGlobal
